
Microsoft Visual Studio Solution File, Format Version 12.00
# Visual Studio Version 16
VisualStudioVersion = 16.0.29709.97
MinimumVisualStudioVersion = 10.0.40219.1
Project("{8BC9CEB8-8B4A-11D0-8D11-00A0C91BC942}") = "WindowsMonitorFacker", "WindowsMonitorFacker\WindowsMonitorFacker.vcxproj", "{DDBFD645-49F1-4606-AEEB-D79326C359A4}"
EndProject
Global
	GlobalSection(SolutionConfigurationPlatforms) = preSolution
		Debug|x64 = Debug|x64
		Debug|x86 = Debug|x86
		Release|x64 = Release|x64
		Release|x86 = Release|x86
	EndGlobalSection
	GlobalSection(ProjectConfigurationPlatforms) = postSolution
		{DDBFD645-49F1-4606-AEEB-D79326C359A4}.Debug|x64.ActiveCfg = Debug|x64
		{DDBFD645-49F1-4606-AEEB-D79326C359A4}.Debug|x64.Build.0 = Debug|x64
		{DDBFD645-49F1-4606-AEEB-D79326C359A4}.Debug|x86.ActiveCfg = Debug|Win32
		{DDBFD645-49F1-4606-AEEB-D79326C359A4}.Debug|x86.Build.0 = Debug|Win32
		{DDBFD645-49F1-4606-AEEB-D79326C359A4}.Release|x64.ActiveCfg = Release|x64
		{DDBFD645-49F1-4606-AEEB-D79326C359A4}.Release|x64.Build.0 = Release|x64
		{DDBFD645-49F1-4606-AEEB-D79326C359A4}.Release|x86.ActiveCfg = Release|Win32
		{DDBFD645-49F1-4606-AEEB-D79326C359A4}.Release|x86.Build.0 = Release|Win32
	EndGlobalSection
	GlobalSection(SolutionProperties) = preSolution
		HideSolutionNode = FALSE
	EndGlobalSection
	GlobalSection(ExtensibilityGlobals) = postSolution
		SolutionGuid = {7FA6B76C-F5CD-4A6E-B5C8-44F65AD110B9}
	EndGlobalSection
EndGlobal
